
Microsoft Visual Studio Solution File, Format Version 12.00
# Visual Studio Version 17
VisualStudioVersion = 17.9.34714.143
MinimumVisualStudioVersion = 10.0.40219.1
Project("{FAE04EC0-301F-11D3-BF4B-00C04F79EFBC}") = "LoadBalancerWithConsistentHashingProtoType", "LoadBalancerWithConsistentHashingProtoType\LoadBalancerWithConsistentHashingProtoType.csproj", "{2AD52B02-F787-424A-9268-36E68F325F7F}"
EndProject
Global
	GlobalSection(SolutionConfigurationPlatforms) = preSolution
		Debug|Any CPU = Debug|Any CPU
		Release|Any CPU = Release|Any CPU
	EndGlobalSection
	GlobalSection(ProjectConfigurationPlatforms) = postSolution
		{2AD52B02-F787-424A-9268-36E68F325F7F}.Debug|Any CPU.ActiveCfg = Debug|Any CPU
		{2AD52B02-F787-424A-9268-36E68F325F7F}.Debug|Any CPU.Build.0 = Debug|Any CPU
		{2AD52B02-F787-424A-9268-36E68F325F7F}.Release|Any CPU.ActiveCfg = Release|Any CPU
		{2AD52B02-F787-424A-9268-36E68F325F7F}.Release|Any CPU.Build.0 = Release|Any CPU
	EndGlobalSection
	GlobalSection(SolutionProperties) = preSolution
		HideSolutionNode = FALSE
	EndGlobalSection
	GlobalSection(ExtensibilityGlobals) = postSolution
		SolutionGuid = {1BC17061-86CA-4FD9-A725-A348BF53BA0E}
	EndGlobalSection
EndGlobal
